{
    "_meta": {
        "hash": {
            "sha256": "c4d29df8162d11bed6a40a01ff88e554444f2e2808e87251faafc61228016706"
        },
        "pipfile-spec": 6,
        "requires": {
            "python_version": "3.6"
        },
        "sources": [
            {
                "name": "pypi",
                "url": "https://pypi.org/simple",
                "verify_ssl": true
            }
        ]
    },
    "default": {
        "meltable": {
            "editable": true,
            "path": "."
        },
        "pypdf2": {
            "hashes": [
                "sha256:e28f902f2f0a1603ea95ebe21dff311ef09be3d0f0ef29a3e44a932729564385"
            ],
            "version": "==1.26.0"
        }
    },
    "develop": {}
}
